Microsoft Visual Studio Solution File, Format Version 12.00
# Visual Studio Version 17
VisualStudioVersion = 17.5.2.0
MinimumVisualStudioVersion = 10.0.40219.1
Project("{FAE04EC0-301F-11D3-BF4B-00C04F79EFBC}") = "AgendamentoMedico", "MedicoAgenda\AgendamentoMedico.csproj", "{B60D1769-E65A-2760-7788-88D98FD3AD09}"
EndProject
Global
	GlobalSection(SolutionConfigurationPlatforms) = preSolution
		Debug|Any CPU = Debug|Any CPU
		Release|Any CPU = Release|Any CPU
	EndGlobalSection
	GlobalSection(ProjectConfigurationPlatforms) = postSolution
		{B60D1769-E65A-2760-7788-88D98FD3AD09}.Debug|Any CPU.ActiveCfg = Debug|Any CPU
		{B60D1769-E65A-2760-7788-88D98FD3AD09}.Debug|Any CPU.Build.0 = Debug|Any CPU
		{B60D1769-E65A-2760-7788-88D98FD3AD09}.Release|Any CPU.ActiveCfg = Release|Any CPU
		{B60D1769-E65A-2760-7788-88D98FD3AD09}.Release|Any CPU.Build.0 = Release|Any CPU
	EndGlobalSection
	GlobalSection(SolutionProperties) = preSolution
		HideSolutionNode = FALSE
	EndGlobalSection
	GlobalSection(ExtensibilityGlobals) = postSolution
		SolutionGuid = {6484608F-B2C5-4542-8106-FDA822A2F120}
	EndGlobalSection
EndGlobal
